
Microsoft Visual Studio Solution File, Format Version 12.00
# Visual Studio Version 17
VisualStudioVersion = 17.8.34330.188
MinimumVisualStudioVersion = 10.0.40219.1
Project("{FAE04EC0-301F-11D3-BF4B-00C04F79EFBC}") = "WindyApplication", "WindyApplication\WindyApplication.csproj", "{992C4651-1389-4B1A-9E76-56F9E342CDDB}"
EndProject
Global
	GlobalSection(SolutionConfigurationPlatforms) = preSolution
		Debug|Any CPU = Debug|Any CPU
		Release|Any CPU = Release|Any CPU
	EndGlobalSection
	GlobalSection(ProjectConfigurationPlatforms) = postSolution
		{992C4651-1389-4B1A-9E76-56F9E342CDDB}.Debug|Any CPU.ActiveCfg = Debug|Any CPU
		{992C4651-1389-4B1A-9E76-56F9E342CDDB}.Debug|Any CPU.Build.0 = Debug|Any CPU
		{992C4651-1389-4B1A-9E76-56F9E342CDDB}.Release|Any CPU.ActiveCfg = Release|Any CPU
		{992C4651-1389-4B1A-9E76-56F9E342CDDB}.Release|Any CPU.Build.0 = Release|Any CPU
	EndGlobalSection
	GlobalSection(SolutionProperties) = preSolution
		HideSolutionNode = FALSE
	EndGlobalSection
	GlobalSection(ExtensibilityGlobals) = postSolution
		SolutionGuid = {541B31DE-0CA2-4849-8BB5-92D7DE8AE0B1}
	EndGlobalSection
EndGlobal
